
Microsoft Visual Studio Solution File, Format Version 12.00
# Visual Studio Version 17
VisualStudioVersion = 17.4.33122.133
MinimumVisualStudioVersion = 10.0.40219.1
Project("{FAE04EC0-301F-11D3-BF4B-00C04F79EFBC}") = "sqlapp", "sqlapp\sqlapp.csproj", "{B5C55945-71D4-48D2-9FB9-E06D20C3A18E}"
EndProject
Global
	GlobalSection(SolutionConfigurationPlatforms) = preSolution
		Debug|Any CPU = Debug|Any CPU
		Release|Any CPU = Release|Any CPU
	EndGlobalSection
	GlobalSection(ProjectConfigurationPlatforms) = postSolution
		{B5C55945-71D4-48D2-9FB9-E06D20C3A18E}.Debug|Any CPU.ActiveCfg = Debug|Any CPU
		{B5C55945-71D4-48D2-9FB9-E06D20C3A18E}.Debug|Any CPU.Build.0 = Debug|Any CPU
		{B5C55945-71D4-48D2-9FB9-E06D20C3A18E}.Release|Any CPU.ActiveCfg = Release|Any CPU
		{B5C55945-71D4-48D2-9FB9-E06D20C3A18E}.Release|Any CPU.Build.0 = Release|Any CPU
	EndGlobalSection
	GlobalSection(SolutionProperties) = preSolution
		HideSolutionNode = FALSE
	EndGlobalSection
	GlobalSection(ExtensibilityGlobals) = postSolution
		SolutionGuid = {3008A712-2A61-4793-9631-792EF3A89FDA}
	EndGlobalSection
EndGlobal
